
Microsoft Visual Studio Solution File, Format Version 12.00
# Visual Studio Version 17
VisualStudioVersion = 17.0.31919.166
MinimumVisualStudioVersion = 10.0.40219.1
Project("{FAE04EC0-301F-11D3-BF4B-00C04F79EFBC}") = "Estudos.BlobStorage", "Estudos.BlobStorage\Estudos.BlobStorage.csproj", "{798A3A4B-5E92-4EED-B630-10223D4A5725}"
EndProject
Global
	GlobalSection(SolutionConfigurationPlatforms) = preSolution
		Debug|Any CPU = Debug|Any CPU
		Release|Any CPU = Release|Any CPU
	EndGlobalSection
	GlobalSection(ProjectConfigurationPlatforms) = postSolution
		{798A3A4B-5E92-4EED-B630-10223D4A5725}.Debug|Any CPU.ActiveCfg = Debug|Any CPU
		{798A3A4B-5E92-4EED-B630-10223D4A5725}.Debug|Any CPU.Build.0 = Debug|Any CPU
		{798A3A4B-5E92-4EED-B630-10223D4A5725}.Release|Any CPU.ActiveCfg = Release|Any CPU
		{798A3A4B-5E92-4EED-B630-10223D4A5725}.Release|Any CPU.Build.0 = Release|Any CPU
	EndGlobalSection
	GlobalSection(SolutionProperties) = preSolution
		HideSolutionNode = FALSE
	EndGlobalSection
	GlobalSection(ExtensibilityGlobals) = postSolution
		SolutionGuid = {7DEB51CD-136F-4EBB-B06A-9DDBF172E57C}
	EndGlobalSection
EndGlobal
